
Microsoft Visual Studio Solution File, Format Version 12.00
# Visual Studio Version 16
VisualStudioVersion = 16.0.29911.84
MinimumVisualStudioVersion = 10.0.40219.1
Project("{FAE04EC0-301F-11D3-BF4B-00C04F79EFBC}") = "MedidasDeDispersao", "MedidasDeDispersao\MedidasDeDispersao.csproj", "{C2D50B62-DC48-4479-A608-2B828AC28F31}"
EndProject
Global
	GlobalSection(SolutionConfigurationPlatforms) = preSolution
		Debug|Any CPU = Debug|Any CPU
		Release|Any CPU = Release|Any CPU
	EndGlobalSection
	GlobalSection(ProjectConfigurationPlatforms) = postSolution
		{C2D50B62-DC48-4479-A608-2B828AC28F31}.Debug|Any CPU.ActiveCfg = Debug|Any CPU
		{C2D50B62-DC48-4479-A608-2B828AC28F31}.Debug|Any CPU.Build.0 = Debug|Any CPU
		{C2D50B62-DC48-4479-A608-2B828AC28F31}.Release|Any CPU.ActiveCfg = Release|Any CPU
		{C2D50B62-DC48-4479-A608-2B828AC28F31}.Release|Any CPU.Build.0 = Release|Any CPU
	EndGlobalSection
	GlobalSection(SolutionProperties) = preSolution
		HideSolutionNode = FALSE
	EndGlobalSection
	GlobalSection(ExtensibilityGlobals) = postSolution
		SolutionGuid = {D45667DF-A12B-49BE-A3F5-B26DAEA710C1}
	EndGlobalSection
EndGlobal
